// !$*UTF8*$!
{
	archiveVersion = 1;
	classes = {
	};
	objectVersion = 46;
	objects = {

/* Begin PBXBuildFile section */
		D089DA441B51C46F0016F5E9 /* Bolts.framework in Frameworks */ = {isa = PBXBuildFile; fileRef = D089DA421B51C46F0016F5E9 /* Bolts.framework */; };
		D089DA451B51C46F0016F5E9 /* Parse.framework in Frameworks */ = {isa = PBXBuildFile; fileRef = D089DA431B51C46F0016F5E9 /* Parse.framework */; };
		D089DA471B51C48B0016F5E9 /* Accounts.framework in Frameworks */ = {isa = PBXBuildFile; fileRef = D089DA461B51C48B0016F5E9 /* Accounts.framework */; };
		D089DA491B51C49E0016F5E9 /* AudioToolbox.framework in Frameworks */ = {isa = PBXBuildFile; fileRef = D089DA481B51C49E0016F5E9 /* AudioToolbox.framework */; };
		D089DA4B1B51C4A80016F5E9 /* CFNetwork.framework in Frameworks */ = {isa = PBXBuildFile; fileRef = D089DA4A1B51C4A80016F5E9 /* CFNetwork.framework */; };
		D089DA4D1B51C4AF0016F5E9 /* CoreGraphics.framework in Frameworks */ = {isa = PBXBuildFile; fileRef = D089DA4C1B51C4AF0016F5E9 /* CoreGraphics.framework */; };
		D089DA4F1B51C4B70016F5E9 /* CoreLocation.framework in Frameworks */ = {isa = PBXBuildFile; fileRef = D089DA4E1B51C4B60016F5E9 /* CoreLocation.framework */; };
		D089DA511B51C4BF0016F5E9 /* MobileCoreServices.framework in Frameworks */ = {isa = PBXBuildFile; fileRef = D089DA501B51C4BF0016F5E9 /* MobileCoreServices.framework */; };
		D089DA531B51C4FA0016F5E9 /* QuartzCore.framework in Frameworks */ = {isa = PBXBuildFile; fileRef = D089DA521B51C4FA0016F5E9 /* QuartzCore.framework */; };
		D089DA551B51C5010016F5E9 /* Security.framework in Frameworks */ = {isa = PBXBuildFile; fileRef = D089DA541B51C5010016F5E9 /* Security.framework */; };
		D089DA571B51C5080016F5E9 /* Social.framework in Frameworks */ = {isa = PBXBuildFile; fileRef = D089DA561B51C5080016F5E9 /* Social.framework */; };
		D089DA591B51C50F0016F5E9 /* StoreKit.framework in Frameworks */ = {isa = PBXBuildFile; fileRef = D089DA581B51C50F0016F5E9 /* StoreKit.framework */; };
		D089DA5B1B51C51A0016F5E9 /* SystemConfiguration.framework in Frameworks */ = {isa = PBXBuildFile; fileRef = D089DA5A1B51C51A0016F5E9 /* SystemConfiguration.framework */; };
		D089DA5D1B51C5230016F5E9 /* libz.dylib in Frameworks */ = {isa = PBXBuildFile; fileRef = D089DA5C1B51C5230016F5E9 /* libz.dylib */; };
		D089DA5F1B51C5300016F5E9 /* libsqlite3.dylib in Frameworks */ = {isa = PBXBuildFile; fileRef = D089DA5E1B51C5300016F5E9 /* libsqlite3.dylib */; };
		D089DA691B51D3000016F5E9 /* FBSDKCoreKit.framework in Frameworks */ = {isa = PBXBuildFile; fileRef = D089DA661B51D3000016F5E9 /* FBSDKCoreKit.framework */; };
		D089DA6A1B51D3010016F5E9 /* FBSDKLoginKit.framework in Frameworks */ = {isa = PBXBuildFile; fileRef = D089DA671B51D3000016F5E9 /* FBSDKLoginKit.framework */; };
		D089DA6B1B51D3010016F5E9 /* FBSDKShareKit.framework in Frameworks */ = {isa = PBXBuildFile; fileRef = D089DA681B51D3000016F5E9 /* FBSDKShareKit.framework */; };
		D089DA6F1B51E49F0016F5E9 /* ParseFacebookUtilsV4.framework in Frameworks */ = {isa = PBXBuildFile; fileRef = D089DA6E1B51E49F0016F5E9 /* ParseFacebookUtilsV4.framework */; };
		D0B977E11B5213D500AEC5EC /* AOBackendInterface.m in Sources */ = {isa = PBXBuildFile; fileRef = D0B977E01B5213D500AEC5EC /* AOBackendInterface.m */; };
		D0B977E41B5230DB00AEC5EC /* AOUserModel.m in Sources */ = {isa = PBXBuildFile; fileRef = D0B977E31B5230DB00AEC5EC /* AOUserModel.m */; };
		DB4D1B931B520E2700001FB1 /* LoginViewController.m in Sources */ = {isa = PBXBuildFile; fileRef = DB4D1B921B520E2700001FB1 /* LoginViewController.m */; };
		F1C2341D1B519F9900F79988 /* main.m in Sources */ = {isa = PBXBuildFile; fileRef = F1C2341C1B519F9900F79988 /* main.m */; };
		F1C234201B519F9900F79988 /* AppDelegate.m in Sources */ = {isa = PBXBuildFile; fileRef = F1C2341F1B519F9900F79988 /* AppDelegate.m */; };
		F1C234261B519F9900F79988 /* Main.storyboard in Resources */ = {isa = PBXBuildFile; fileRef = F1C234241B519F9900F79988 /* Main.storyboard */; };
		F1C234281B519F9900F79988 /* Images.xcassets in Resources */ = {isa = PBXBuildFile; fileRef = F1C234271B519F9900F79988 /* Images.xcassets */; };
		F1C2342B1B519F9900F79988 /* LaunchScreen.xib in Resources */ = {isa = PBXBuildFile; fileRef = F1C234291B519F9900F79988 /* LaunchScreen.xib */; };
		F1C234371B519F9A00F79988 /* asOneTests.m in Sources */ = {isa = PBXBuildFile; fileRef = F1C234361B519F9A00F79988 /* asOneTests.m */; };
		F1C234421B51A0BC00F79988 /* AODeviceInfoHub.m in Sources */ = {isa = PBXBuildFile; fileRef = F1C234411B51A0BC00F79988 /* AODeviceInfoHub.m */; };
		F1C2344F1B51D53900F79988 /* TestViewController.m in Sources */ = {isa = PBXBuildFile; fileRef = F1C2344E1B51D53900F79988 /* TestViewController.m */; };
		F1C234521B51ECFA00F79988 /* MasterViewController.m in Sources */ = {isa = PBXBuildFile; fileRef = F1C234511B51ECFA00F79988 /* MasterViewController.m */; };
		F1C234551B51F38900F79988 /* FriendsStatusViewController.m in Sources */ = {isa = PBXBuildFile; fileRef = F1C234541B51F38900F79988 /* FriendsStatusViewController.m */; };
		F1C234591B51F9AD00F79988 /* FriendStatusTableViewCell.m in Sources */ = {isa = PBXBuildFile; fileRef = F1C234581B51F9AD00F79988 /* FriendStatusTableViewCell.m */; };
/* End PBXBuildFile section */

/* Begin PBXContainerItemProxy section */
		F1C234311B519F9A00F79988 /* PBXContainerItemProxy */ = {
			isa = PBXContainerItemProxy;
			containerPortal = F1C2340F1B519F9900F79988 /* Project object */;
			proxyType = 1;
			remoteGlobalIDString = F1C234161B519F9900F79988;
			remoteInfo = asOne;
		};
/* End PBXContainerItemProxy section */

/* Begin PBXFileReference section */
		D089DA421B51C46F0016F5E9 /* Bolts.framework */ = {isa = PBXFileReference; lastKnownFileType = wrapper.framework; path = Bolts.framework; sourceTree = "<group>"; };
		D089DA431B51C46F0016F5E9 /* Parse.framework */ = {isa = PBXFileReference; lastKnownFileType = wrapper.framework; path = Parse.framework; sourceTree = "<group>"; };
		D089DA461B51C48B0016F5E9 /* Accounts.framework */ = {isa = PBXFileReference; lastKnownFileType = wrapper.framework; name = Accounts.framework; path = System/Library/Frameworks/Accounts.framework; sourceTree = SDKROOT; };
		D089DA481B51C49E0016F5E9 /* AudioToolbox.framework */ = {isa = PBXFileReference; lastKnownFileType = wrapper.framework; name = AudioToolbox.framework; path = System/Library/Frameworks/AudioToolbox.framework; sourceTree = SDKROOT; };
		D089DA4A1B51C4A80016F5E9 /* CFNetwork.framework */ = {isa = PBXFileReference; lastKnownFileType = wrapper.framework; name = CFNetwork.framework; path = System/Library/Frameworks/CFNetwork.framework; sourceTree = SDKROOT; };
		D089DA4C1B51C4AF0016F5E9 /* CoreGraphics.framework */ = {isa = PBXFileReference; lastKnownFileType = wrapper.framework; name = CoreGraphics.framework; path = System/Library/Frameworks/CoreGraphics.framework; sourceTree = SDKROOT; };
		D089DA4E1B51C4B60016F5E9 /* CoreLocation.framework */ = {isa = PBXFileReference; lastKnownFileType = wrapper.framework; name = CoreLocation.framework; path = System/Library/Frameworks/CoreLocation.framework; sourceTree = SDKROOT; };
		D089DA501B51C4BF0016F5E9 /* MobileCoreServices.framework */ = {isa = PBXFileReference; lastKnownFileType = wrapper.framework; name = MobileCoreServices.framework; path = System/Library/Frameworks/MobileCoreServices.framework; sourceTree = SDKROOT; };
		D089DA521B51C4FA0016F5E9 /* QuartzCore.framework */ = {isa = PBXFileReference; lastKnownFileType = wrapper.framework; name = QuartzCore.framework; path = System/Library/Frameworks/QuartzCore.framework; sourceTree = SDKROOT; };
		D089DA541B51C5010016F5E9 /* Security.framework */ = {isa = PBXFileReference; lastKnownFileType = wrapper.framework; name = Security.framework; path = System/Library/Frameworks/Security.framework; sourceTree = SDKROOT; };
		D089DA561B51C5080016F5E9 /* Social.framework */ = {isa = PBXFileReference; lastKnownFileType = wrapper.framework; name = Social.framework; path = System/Library/Frameworks/Social.framework; sourceTree = SDKROOT; };
		D089DA581B51C50F0016F5E9 /* StoreKit.framework */ = {isa = PBXFileReference; lastKnownFileType = wrapper.framework; name = StoreKit.framework; path = System/Library/Frameworks/StoreKit.framework; sourceTree = SDKROOT; };
		D089DA5A1B51C51A0016F5E9 /* SystemConfiguration.framework */ = {isa = PBXFileReference; lastKnownFileType = wrapper.framework; name = SystemConfiguration.framework; path = System/Library/Frameworks/SystemConfiguration.framework; sourceTree = SDKROOT; };
		D089DA5C1B51C5230016F5E9 /* libz.dylib */ = {isa = PBXFileReference; lastKnownFileType = "compiled.mach-o.dylib"; name = libz.dylib; path = usr/lib/libz.dylib; sourceTree = SDKROOT; };
		D089DA5E1B51C5300016F5E9 /* libsqlite3.dylib */ = {isa = PBXFileReference; lastKnownFileType = "compiled.mach-o.dylib"; name = libsqlite3.dylib; path = usr/lib/libsqlite3.dylib; sourceTree = SDKROOT; };
		D089DA661B51D3000016F5E9 /* FBSDKCoreKit.framework */ = {isa = PBXFileReference; lastKnownFileType = wrapper.framework; path = FBSDKCoreKit.framework; sourceTree = "<group>"; };
		D089DA671B51D3000016F5E9 /* FBSDKLoginKit.framework */ = {isa = PBXFileReference; lastKnownFileType = wrapper.framework; path = FBSDKLoginKit.framework; sourceTree = "<group>"; };
		D089DA681B51D3000016F5E9 /* FBSDKShareKit.framework */ = {isa = PBXFileReference; lastKnownFileType = wrapper.framework; path = FBSDKShareKit.framework; sourceTree = "<group>"; };
		D089DA6E1B51E49F0016F5E9 /* ParseFacebookUtilsV4.framework */ = {isa = PBXFileReference; lastKnownFileType = wrapper.framework; path = ParseFacebookUtilsV4.framework; sourceTree = "<group>"; };
		D0B977E01B5213D500AEC5EC /* AOBackendInterface.m */ = {isa = PBXFileReference; fileEncoding = 4; lastKnownFileType = sourcecode.c.objc; path = AOBackendInterface.m; sourceTree = "<group>"; };
		D0B977E21B52141400AEC5EC /* AOBackendInterface.h */ = {isa = PBXFileReference; lastKnownFileType = sourcecode.c.h; path = AOBackendInterface.h; sourceTree = "<group>"; };
		D0B977E31B5230DB00AEC5EC /* AOUserModel.m */ = {isa = PBXFileReference; fileEncoding = 4; lastKnownFileType = sourcecode.c.objc; path = AOUserModel.m; sourceTree = "<group>"; };
		D0B977E51B5230FE00AEC5EC /* AOUserModel.h */ = {isa = PBXFileReference; lastKnownFileType = sourcecode.c.h; path = AOUserModel.h; sourceTree = "<group>"; };
		DB4D1B911B520E2700001FB1 /* LoginViewController.h */ = {isa = PBXFileReference; fileEncoding = 4; lastKnownFileType = sourcecode.c.h; name = LoginViewController.h; path = ../LoginViewController.h; sourceTree = "<group>"; };
		DB4D1B921B520E2700001FB1 /* LoginViewController.m */ = {isa = PBXFileReference; fileEncoding = 4; lastKnownFileType = sourcecode.c.objc; name = LoginViewController.m; path = ../LoginViewController.m; sourceTree = "<group>"; };
		F1C234171B519F9900F79988 /* asOne.app */ = {isa = PBXFileReference; explicitFileType = wrapper.application; includeInIndex = 0; path = asOne.app; sourceTree = BUILT_PRODUCTS_DIR; };
		F1C2341B1B519F9900F79988 /* Info.plist */ = {isa = PBXFileReference; lastKnownFileType = text.plist.xml; path = Info.plist; sourceTree = "<group>"; };
		F1C2341C1B519F9900F79988 /* main.m */ = {isa = PBXFileReference; lastKnownFileType = sourcecode.c.objc; path = main.m; sourceTree = "<group>"; };
		F1C2341E1B519F9900F79988 /* AppDelegate.h */ = {isa = PBXFileReference; lastKnownFileType = sourcecode.c.h; path = AppDelegate.h; sourceTree = "<group>"; };
		F1C2341F1B519F9900F79988 /* AppDelegate.m */ = {isa = PBXFileReference; lastKnownFileType = sourcecode.c.objc; path = AppDelegate.m; sourceTree = "<group>"; };
		F1C234251B519F9900F79988 /* Base */ = {isa = PBXFileReference; lastKnownFileType = file.storyboard; name = Base; path = Base.lproj/Main.storyboard; sourceTree = "<group>"; };
		F1C234271B519F9900F79988 /* Images.xcassets */ = {isa = PBXFileReference; lastKnownFileType = folder.assetcatalog; path = Images.xcassets; sourceTree = "<group>"; };
		F1C2342A1B519F9900F79988 /* Base */ = {isa = PBXFileReference; lastKnownFileType = file.xib; name = Base; path = Base.lproj/LaunchScreen.xib; sourceTree = "<group>"; };
		F1C234301B519F9A00F79988 /* asOneTests.xctest */ = {isa = PBXFileReference; explicitFileType = wrapper.cfbundle; includeInIndex = 0; path = asOneTests.xctest; sourceTree = BUILT_PRODUCTS_DIR; };
		F1C234351B519F9A00F79988 /* Info.plist */ = {isa = PBXFileReference; lastKnownFileType = text.plist.xml; path = Info.plist; sourceTree = "<group>"; };
		F1C234361B519F9A00F79988 /* asOneTests.m */ = {isa = PBXFileReference; lastKnownFileType = sourcecode.c.objc; path = asOneTests.m; sourceTree = "<group>"; };
		F1C234401B51A0BC00F79988 /* AODeviceInfoHub.h */ = {isa = PBXFileReference; fileEncoding = 4; lastKnownFileType = sourcecode.c.h; path = AODeviceInfoHub.h; sourceTree = "<group>"; };
		F1C234411B51A0BC00F79988 /* AODeviceInfoHub.m */ = {isa = PBXFileReference; fileEncoding = 4; lastKnownFileType = sourcecode.c.objc; path = AODeviceInfoHub.m; sourceTree = "<group>"; };
		F1C2344D1B51D53900F79988 /* TestViewController.h */ = {isa = PBXFileReference; fileEncoding = 4; lastKnownFileType = sourcecode.c.h; path = TestViewController.h; sourceTree = "<group>"; };
		F1C2344E1B51D53900F79988 /* TestViewController.m */ = {isa = PBXFileReference; fileEncoding = 4; lastKnownFileType = sourcecode.c.objc; path = TestViewController.m; sourceTree = "<group>"; };
		F1C234501B51ECFA00F79988 /* MasterViewController.h */ = {isa = PBXFileReference; fileEncoding = 4; lastKnownFileType = sourcecode.c.h; path = MasterViewController.h; sourceTree = "<group>"; };
		F1C234511B51ECFA00F79988 /* MasterViewController.m */ = {isa = PBXFileReference; fileEncoding = 4; lastKnownFileType = sourcecode.c.objc; path = MasterViewController.m; sourceTree = "<group>"; };
		F1C234531B51F38900F79988 /* FriendsStatusViewController.h */ = {isa = PBXFileReference; fileEncoding = 4; lastKnownFileType = sourcecode.c.h; path = FriendsStatusViewController.h; sourceTree = "<group>"; };
		F1C234541B51F38900F79988 /* FriendsStatusViewController.m */ = {isa = PBXFileReference; fileEncoding = 4; lastKnownFileType = sourcecode.c.objc; path = FriendsStatusViewController.m; sourceTree = "<group>"; };
		F1C234571B51F9AD00F79988 /* FriendStatusTableViewCell.h */ = {isa = PBXFileReference; fileEncoding = 4; lastKnownFileType = sourcecode.c.h; path = FriendStatusTableViewCell.h; sourceTree = "<group>"; };
		F1C234581B51F9AD00F79988 /* FriendStatusTableViewCell.m */ = {isa = PBXFileReference; fileEncoding = 4; lastKnownFileType = sourcecode.c.objc; path = FriendStatusTableViewCell.m; sourceTree = "<group>"; };
/* End PBXFileReference section */

/* Begin PBXFrameworksBuildPhase section */
		F1C234141B519F9900F79988 /* Frameworks */ = {
			isa = PBXFrameworksBuildPhase;
			buildActionMask = 2147483647;
			files = (
				D089DA6A1B51D3010016F5E9 /* FBSDKLoginKit.framework in Frameworks */,
				D089DA5F1B51C5300016F5E9 /* libsqlite3.dylib in Frameworks */,
				D089DA6F1B51E49F0016F5E9 /* ParseFacebookUtilsV4.framework in Frameworks */,
				D089DA5D1B51C5230016F5E9 /* libz.dylib in Frameworks */,
				D089DA5B1B51C51A0016F5E9 /* SystemConfiguration.framework in Frameworks */,
				D089DA591B51C50F0016F5E9 /* StoreKit.framework in Frameworks */,
				D089DA571B51C5080016F5E9 /* Social.framework in Frameworks */,
				D089DA551B51C5010016F5E9 /* Security.framework in Frameworks */,
				D089DA531B51C4FA0016F5E9 /* QuartzCore.framework in Frameworks */,
				D089DA511B51C4BF0016F5E9 /* MobileCoreServices.framework in Frameworks */,
				D089DA4F1B51C4B70016F5E9 /* CoreLocation.framework in Frameworks */,
				D089DA4D1B51C4AF0016F5E9 /* CoreGraphics.framework in Frameworks */,
				D089DA4B1B51C4A80016F5E9 /* CFNetwork.framework in Frameworks */,
				D089DA491B51C49E0016F5E9 /* AudioToolbox.framework in Frameworks */,
				D089DA471B51C48B0016F5E9 /* Accounts.framework in Frameworks */,
				D089DA6B1B51D3010016F5E9 /* FBSDKShareKit.framework in Frameworks */,
				D089DA691B51D3000016F5E9 /* FBSDKCoreKit.framework in Frameworks */,
				D089DA451B51C46F0016F5E9 /* Parse.framework in Frameworks */,
				D089DA441B51C46F0016F5E9 /* Bolts.framework in Frameworks */,
			);
			runOnlyForDeploymentPostprocessing = 0;
		};
		F1C2342D1B519F9A00F79988 /* Frameworks */ = {
			isa = PBXFrameworksBuildPhase;
			buildActionMask = 2147483647;
			files = (
			);
			runOnlyForDeploymentPostprocessing = 0;
		};
/* End PBXFrameworksBuildPhase section */

/* Begin PBXGroup section */
		F1C2340E1B519F9900F79988 = {
			isa = PBXGroup;
			children = (
				F1C234191B519F9900F79988 /* asOne */,
				F1C234331B519F9A00F79988 /* asOneTests */,
				F1C234181B519F9900F79988 /* Products */,
			);
			sourceTree = "<group>";
		};
		F1C234181B519F9900F79988 /* Products */ = {
			isa = PBXGroup;
			children = (
				F1C234171B519F9900F79988 /* asOne.app */,
				F1C234301B519F9A00F79988 /* asOneTests.xctest */,
			);
			name = Products;
			sourceTree = "<group>";
		};
		F1C234191B519F9900F79988 /* asOne */ = {
			isa = PBXGroup;
			children = (
				F1C234471B51C1AD00F79988 /* View */,
				F1C234491B51C20900F79988 /* Controller */,
				F1C234481B51C1C000F79988 /* Model */,
				F1C2344A1B51C21B00F79988 /* Assets */,
				F1C2341A1B519F9900F79988 /* Supporting Files */,
			);
			path = asOne;
			sourceTree = "<group>";
		};
		F1C2341A1B519F9900F79988 /* Supporting Files */ = {
			isa = PBXGroup;
			children = (
				D089DA6E1B51E49F0016F5E9 /* ParseFacebookUtilsV4.framework */,
				D089DA661B51D3000016F5E9 /* FBSDKCoreKit.framework */,
				D089DA671B51D3000016F5E9 /* FBSDKLoginKit.framework */,
				D089DA681B51D3000016F5E9 /* FBSDKShareKit.framework */,
				F1C2341B1B519F9900F79988 /* Info.plist */,
				F1C2341C1B519F9900F79988 /* main.m */,
				F1C2341E1B519F9900F79988 /* AppDelegate.h */,
				F1C2341F1B519F9900F79988 /* AppDelegate.m */,
				D089DA5E1B51C5300016F5E9 /* libsqlite3.dylib */,
				D089DA5C1B51C5230016F5E9 /* libz.dylib */,
				D089DA421B51C46F0016F5E9 /* Bolts.framework */,
				D089DA431B51C46F0016F5E9 /* Parse.framework */,
				D089DA5A1B51C51A0016F5E9 /* SystemConfiguration.framework */,
				D089DA581B51C50F0016F5E9 /* StoreKit.framework */,
				D089DA561B51C5080016F5E9 /* Social.framework */,
				D089DA541B51C5010016F5E9 /* Security.framework */,
				D089DA521B51C4FA0016F5E9 /* QuartzCore.framework */,
				D089DA501B51C4BF0016F5E9 /* MobileCoreServices.framework */,
				D089DA4E1B51C4B60016F5E9 /* CoreLocation.framework */,
				D089DA4C1B51C4AF0016F5E9 /* CoreGraphics.framework */,
				D089DA4A1B51C4A80016F5E9 /* CFNetwork.framework */,
				D089DA481B51C49E0016F5E9 /* AudioToolbox.framework */,
				D089DA461B51C48B0016F5E9 /* Accounts.framework */,
			);
			name = "Supporting Files";
			sourceTree = "<group>";
		};
		F1C234331B519F9A00F79988 /* asOneTests */ = {
			isa = PBXGroup;
			children = (
				F1C234361B519F9A00F79988 /* asOneTests.m */,
				F1C234341B519F9A00F79988 /* Supporting Files */,
			);
			path = asOneTests;
			sourceTree = "<group>";
		};
		F1C234341B519F9A00F79988 /* Supporting Files */ = {
			isa = PBXGroup;
			children = (
				F1C234351B519F9A00F79988 /* Info.plist */,
			);
			name = "Supporting Files";
			sourceTree = "<group>";
		};
		F1C234471B51C1AD00F79988 /* View */ = {
			isa = PBXGroup;
			children = (
				F1C234241B519F9900F79988 /* Main.storyboard */,
				F1C234291B519F9900F79988 /* LaunchScreen.xib */,
			);
			name = View;
			sourceTree = "<group>";
		};
		F1C234481B51C1C000F79988 /* Model */ = {
			isa = PBXGroup;
			children = (
				F1C234401B51A0BC00F79988 /* AODeviceInfoHub.h */,
				F1C234411B51A0BC00F79988 /* AODeviceInfoHub.m */,
				D0B977E01B5213D500AEC5EC /* AOBackendInterface.m */,
				D0B977E21B52141400AEC5EC /* AOBackendInterface.h */,
				D0B977E51B5230FE00AEC5EC /* AOUserModel.h */,
				D0B977E31B5230DB00AEC5EC /* AOUserModel.m */,
			);
			name = Model;
			sourceTree = "<group>";
		};
		F1C234491B51C20900F79988 /* Controller */ = {
			isa = PBXGroup;
			children = (
				F1C2344D1B51D53900F79988 /* TestViewController.h */,
				F1C2344E1B51D53900F79988 /* TestViewController.m */,
				DB4D1B911B520E2700001FB1 /* LoginViewController.h */,
				DB4D1B921B520E2700001FB1 /* LoginViewController.m */,
				F1C234501B51ECFA00F79988 /* MasterViewController.h */,
				F1C234511B51ECFA00F79988 /* MasterViewController.m */,
				F1C234561B51F97E00F79988 /* Friend Status View */,
			);
			name = Controller;
			sourceTree = "<group>";
		};
		F1C2344A1B51C21B00F79988 /* Assets */ = {
			isa = PBXGroup;
			children = (
				F1C234271B519F9900F79988 /* Images.xcassets */,
			);
			name = Assets;
			sourceTree = "<group>";
		};
		F1C234561B51F97E00F79988 /* Friend Status View */ = {
			isa = PBXGroup;
			children = (
				F1C234531B51F38900F79988 /* FriendsStatusViewController.h */,
				F1C234541B51F38900F79988 /* FriendsStatusViewController.m */,
				F1C234571B51F9AD00F79988 /* FriendStatusTableViewCell.h */,
				F1C234581B51F9AD00F79988 /* FriendStatusTableViewCell.m */,
			);
			name = "Friend Status View";
			sourceTree = "<group>";
		};
/* End PBXGroup section */

/* Begin PBXNativeTarget section */
		F1C234161B519F9900F79988 /* asOne */ = {
			isa = PBXNativeTarget;
			buildConfigurationList = F1C2343A1B519F9A00F79988 /* Build configuration list for PBXNativeTarget "asOne" */;
			buildPhases = (
				F1C234131B519F9900F79988 /* Sources */,
				F1C234141B519F9900F79988 /* Frameworks */,
				F1C234151B519F9900F79988 /* Resources */,
			);
			buildRules = (
			);
			dependencies = (
			);
			name = asOne;
			productName = asOne;
			productReference = F1C234171B519F9900F79988 /* asOne.app */;
			productType = "com.apple.product-type.application";
		};
		F1C2342F1B519F9A00F79988 /* asOneTests */ = {
			isa = PBXNativeTarget;
			buildConfigurationList = F1C2343D1B519F9A00F79988 /* Build configuration list for PBXNativeTarget "asOneTests" */;
			buildPhases = (
				F1C2342C1B519F9A00F79988 /* Sources */,
				F1C2342D1B519F9A00F79988 /* Frameworks */,
				F1C2342E1B519F9A00F79988 /* Resources */,
			);
			buildRules = (
			);
			dependencies = (
				F1C234321B519F9A00F79988 /* PBXTargetDependency */,
			);
			name = asOneTests;
			productName = asOneTests;
			productReference = F1C234301B519F9A00F79988 /* asOneTests.xctest */;
			productType = "com.apple.product-type.bundle.unit-test";
		};
/* End PBXNativeTarget section */

/* Begin PBXProject section */
		F1C2340F1B519F9900F79988 /* Project object */ = {
			isa = PBXProject;
			attributes = {
				LastUpgradeCheck = 0640;
				ORGANIZATIONNAME = asOne;
				TargetAttributes = {
					F1C234161B519F9900F79988 = {
						CreatedOnToolsVersion = 6.4;
						DevelopmentTeam = LA98E724VK;
						SystemCapabilities = {
							com.apple.BackgroundModes = {
								enabled = 1;
							};
						};
					};
					F1C2342F1B519F9A00F79988 = {
						CreatedOnToolsVersion = 6.4;
						DevelopmentTeam = LA98E724VK;
						TestTargetID = F1C234161B519F9900F79988;
					};
				};
			};
			buildConfigurationList = F1C234121B519F9900F79988 /* Build configuration list for PBXProject "asOne" */;
			compatibilityVersion = "Xcode 3.2";
			developmentRegion = English;
			hasScannedForEncodings = 0;
			knownRegions = (
				en,
				Base,
			);
			mainGroup = F1C2340E1B519F9900F79988;
			productRefGroup = F1C234181B519F9900F79988 /* Products */;
			projectDirPath = "";
			projectRoot = "";
			targets = (
				F1C234161B519F9900F79988 /* asOne */,
				F1C2342F1B519F9A00F79988 /* asOneTests */,
			);
		};
/* End PBXProject section */

/* Begin PBXResourcesBuildPhase section */
		F1C234151B519F9900F79988 /* Resources */ = {
			isa = PBXResourcesBuildPhase;
			buildActionMask = 2147483647;
			files = (
				F1C234261B519F9900F79988 /* Main.storyboard in Resources */,
				F1C2342B1B519F9900F79988 /* LaunchScreen.xib in Resources */,
				F1C234281B519F9900F79988 /* Images.xcassets in Resources */,
			);
			runOnlyForDeploymentPostprocessing = 0;
		};
		F1C2342E1B519F9A00F79988 /* Resources */ = {
			isa = PBXResourcesBuildPhase;
			buildActionMask = 2147483647;
			files = (
			);
			runOnlyForDeploymentPostprocessing = 0;
		};
/* End PBXResourcesBuildPhase section */

/* Begin PBXSourcesBuildPhase section */
		F1C234131B519F9900F79988 /* Sources */ = {
			isa = PBXSourcesBuildPhase;
			buildActionMask = 2147483647;
			files = (
				D0B977E41B5230DB00AEC5EC /* AOUserModel.m in Sources */,
				D0B977E11B5213D500AEC5EC /* AOBackendInterface.m in Sources */,
				DB4D1B931B520E2700001FB1 /* LoginViewController.m in Sources */,
				F1C234591B51F9AD00F79988 /* FriendStatusTableViewCell.m in Sources */,
				F1C234201B519F9900F79988 /* AppDelegate.m in Sources */,
				F1C2341D1B519F9900F79988 /* main.m in Sources */,
				F1C234521B51ECFA00F79988 /* MasterViewController.m in Sources */,
				F1C234421B51A0BC00F79988 /* AODeviceInfoHub.m in Sources */,
				F1C234551B51F38900F79988 /* FriendsStatusViewController.m in Sources */,
				F1C2344F1B51D53900F79988 /* TestViewController.m in Sources */,
			);
			runOnlyForDeploymentPostprocessing = 0;
		};
		F1C2342C1B519F9A00F79988 /* Sources */ = {
			isa = PBXSourcesBuildPhase;
			buildActionMask = 2147483647;
			files = (
				F1C234371B519F9A00F79988 /* asOneTests.m in Sources */,
			);
			runOnlyForDeploymentPostprocessing = 0;
		};
/* End PBXSourcesBuildPhase section */

/* Begin PBXTargetDependency section */
		F1C234321B519F9A00F79988 /* PBXTargetDependency */ = {
			isa = PBXTargetDependency;
			target = F1C234161B519F9900F79988 /* asOne */;
			targetProxy = F1C234311B519F9A00F79988 /* PBXContainerItemProxy */;
		};
/* End PBXTargetDependency section */

/* Begin PBXVariantGroup section */
		F1C234241B519F9900F79988 /* Main.storyboard */ = {
			isa = PBXVariantGroup;
			children = (
				F1C234251B519F9900F79988 /* Base */,
			);
			name = Main.storyboard;
			sourceTree = "<group>";
		};
		F1C234291B519F9900F79988 /* LaunchScreen.xib */ = {
			isa = PBXVariantGroup;
			children = (
				F1C2342A1B519F9900F79988 /* Base */,
			);
			name = LaunchScreen.xib;
			sourceTree = "<group>";
		};
/* End PBXVariantGroup section */

/* Begin XCBuildConfiguration section */
		F1C234381B519F9A00F79988 /* Debug */ = {
			isa = XCBuildConfiguration;
			buildSettings = {
				ALWAYS_SEARCH_USER_PATHS = NO;
				CLANG_CXX_LANGUAGE_STANDARD = "gnu++0x";
				CLANG_CXX_LIBRARY = "libc++";
				CLANG_ENABLE_MODULES = YES;
				CLANG_ENABLE_OBJC_ARC = YES;
				CLANG_WARN_BOOL_CONVERSION = YES;
				CLANG_WARN_CONSTANT_CONVERSION = YES;
				CLANG_WARN_DIRECT_OBJC_ISA_USAGE = YES_ERROR;
				CLANG_WARN_EMPTY_BODY = YES;
				CLANG_WARN_ENUM_CONVERSION = YES;
				CLANG_WARN_INT_CONVERSION = YES;
				CLANG_WARN_OBJC_ROOT_CLASS = YES_ERROR;
				CLANG_WARN_UNREACHABLE_CODE = YES;
				CLANG_WARN__DUPLICATE_METHOD_MATCH = YES;
				"CODE_SIGN_IDENTITY[sdk=iphoneos*]" = "iPhone Developer";
				COPY_PHASE_STRIP = NO;
				DEBUG_INFORMATION_FORMAT = "dwarf-with-dsym";
				ENABLE_STRICT_OBJC_MSGSEND = YES;
				GCC_C_LANGUAGE_STANDARD = gnu99;
				GCC_DYNAMIC_NO_PIC = NO;
				GCC_NO_COMMON_BLOCKS = YES;
				GCC_OPTIMIZATION_LEVEL = 0;
				GCC_PREPROCESSOR_DEFINITIONS = (
					"DEBUG=1",
					"$(inherited)",
				);
				GCC_SYMBOLS_PRIVATE_EXTERN = NO;
				GCC_WARN_64_TO_32_BIT_CONVERSION = YES;
				GCC_WARN_ABOUT_RETURN_TYPE = YES_ERROR;
				GCC_WARN_UNDECLARED_SELECTOR = YES;
				GCC_WARN_UNINITIALIZED_AUTOS = YES_AGGRESSIVE;
				GCC_WARN_UNUSED_FUNCTION = YES;
				GCC_WARN_UNUSED_VARIABLE = YES;
				IPHONEOS_DEPLOYMENT_TARGET = 8.4;
				MTL_ENABLE_DEBUG_INFO = YES;
				ONLY_ACTIVE_ARCH = YES;
				SDKROOT = iphoneos;
			};
			name = Debug;
		};
		F1C234391B519F9A00F79988 /* Release */ = {
			isa = XCBuildConfiguration;
			buildSettings = {
				ALWAYS_SEARCH_USER_PATHS = NO;
				CLANG_CXX_LANGUAGE_STANDARD = "gnu++0x";
				CLANG_CXX_LIBRARY = "libc++";
				CLANG_ENABLE_MODULES = YES;
				CLANG_ENABLE_OBJC_ARC = YES;
				CLANG_WARN_BOOL_CONVERSION = YES;
				CLANG_WARN_CONSTANT_CONVERSION = YES;
				CLANG_WARN_DIRECT_OBJC_ISA_USAGE = YES_ERROR;
				CLANG_WARN_EMPTY_BODY = YES;
				CLANG_WARN_ENUM_CONVERSION = YES;
				CLANG_WARN_INT_CONVERSION = YES;
				CLANG_WARN_OBJC_ROOT_CLASS = YES_ERROR;
				CLANG_WARN_UNREACHABLE_CODE = YES;
				CLANG_WARN__DUPLICATE_METHOD_MATCH = YES;
				"CODE_SIGN_IDENTITY[sdk=iphoneos*]" = "iPhone Developer";
				COPY_PHASE_STRIP = NO;
				DEBUG_INFORMATION_FORMAT = "dwarf-with-dsym";
				ENABLE_NS_ASSERTIONS = NO;
				ENABLE_STRICT_OBJC_MSGSEND = YES;
				GCC_C_LANGUAGE_STANDARD = gnu99;
				GCC_NO_COMMON_BLOCKS = YES;
				GCC_WARN_64_TO_32_BIT_CONVERSION = YES;
				GCC_WARN_ABOUT_RETURN_TYPE = YES_ERROR;
				GCC_WARN_UNDECLARED_SELECTOR = YES;
				GCC_WARN_UNINITIALIZED_AUTOS = YES_AGGRESSIVE;
				GCC_WARN_UNUSED_FUNCTION = YES;
				GCC_WARN_UNUSED_VARIABLE = YES;
				IPHONEOS_DEPLOYMENT_TARGET = 8.4;
				MTL_ENABLE_DEBUG_INFO = NO;
				SDKROOT = iphoneos;
				VALIDATE_PRODUCT = YES;
			};
			name = Release;
		};
		F1C2343B1B519F9A00F79988 /* Debug */ = {
			isa = XCBuildConfiguration;
			buildSettings = {
				ASSETCATALOG_COMPILER_APPICON_NAME = AppIcon;
				CODE_SIGN_IDENTITY = "iPhone Developer";
				FRAMEWORK_SEARCH_PATHS = (
					"$(inherited)",
					"$(PROJECT_DIR)/asOne",
					"~/Documents/FacebookSDK",
				);
				INFOPLIST_FILE = asOne/Info.plist;
				IPHONEOS_DEPLOYMENT_TARGET = 8.0;
				LD_RUNPATH_SEARCH_PATHS = "$(inherited) @executable_path/Frameworks";
				PRODUCT_NAME = "$(TARGET_NAME)";
			};
			name = Debug;
		};
		F1C2343C1B519F9A00F79988 /* Release */ = {
			isa = XCBuildConfiguration;
			buildSettings = {
				ASSETCATALOG_COMPILER_APPICON_NAME = AppIcon;
				CODE_SIGN_IDENTITY = "iPhone Developer";
				FRAMEWORK_SEARCH_PATHS = (
					"$(inherited)",
					"$(PROJECT_DIR)/asOne",
					"~/Documents/FacebookSDK",
				);
				INFOPLIST_FILE = asOne/Info.plist;
				IPHONEOS_DEPLOYMENT_TARGET = 8.0;
				LD_RUNPATH_SEARCH_PATHS = "$(inherited) @executable_path/Frameworks";
				PRODUCT_NAME = "$(TARGET_NAME)";
			};
			name = Release;
		};
		F1C2343E1B519F9A00F79988 /* Debug */ = {
			isa = XCBuildConfiguration;
			buildSettings = {
				BUNDLE_LOADER = "$(TEST_HOST)";
				CODE_SIGN_IDENTITY = "iPhone Developer";
				"CODE_SIGN_IDENTITY[sdk=iphoneos*]" = "iPhone Developer";
				FRAMEWORK_SEARCH_PATHS = (
					"$(SDKROOT)/Developer/Library/Frameworks",
					"$(inherited)",
				);
				GCC_PREPROCESSOR_DEFINITIONS = (
					"DEBUG=1",
					"$(inherited)",
				);
				INFOPLIST_FILE = asOneTests/Info.plist;
				LD_RUNPATH_SEARCH_PATHS = "$(inherited) @executable_path/Frameworks @loader_path/Frameworks";
				PRODUCT_NAME = "$(TARGET_NAME)";
				PROVISIONING_PROFILE = "";
				TEST_HOST = "$(BUILT_PRODUCTS_DIR)/asOne.app/asOne";
			};
			name = Debug;
		};
		F1C2343F1B519F9A00F79988 /* Release */ = {
			isa = XCBuildConfiguration;
			buildSettings = {
				BUNDLE_LOADER = "$(TEST_HOST)";
				CODE_SIGN_IDENTITY = "iPhone Developer";
				"CODE_SIGN_IDENTITY[sdk=iphoneos*]" = "iPhone Developer";
				FRAMEWORK_SEARCH_PATHS = (
					"$(SDKROOT)/Developer/Library/Frameworks",
					"$(inherited)",
				);
				INFOPLIST_FILE = asOneTests/Info.plist;
				LD_RUNPATH_SEARCH_PATHS = "$(inherited) @executable_path/Frameworks @loader_path/Frameworks";
				PRODUCT_NAME = "$(TARGET_NAME)";
				PROVISIONING_PROFILE = "";
				TEST_HOST = "$(BUILT_PRODUCTS_DIR)/asOne.app/asOne";
			};
			name = Release;
		};
/* End XCBuildConfiguration section */

/* Begin XCConfigurationList section */
		F1C234121B519F9900F79988 /* Build configuration list for PBXProject "asOne" */ = {
			isa = XCConfigurationList;
			buildConfigurations = (
				F1C234381B519F9A00F79988 /* Debug */,
				F1C234391B519F9A00F79988 /* Release */,
			);
			defaultConfigurationIsVisible = 0;
			defaultConfigurationName = Release;
		};
		F1C2343A1B519F9A00F79988 /* Build configuration list for PBXNativeTarget "asOne" */ = {
			isa = XCConfigurationList;
			buildConfigurations = (
				F1C2343B1B519F9A00F79988 /* Debug */,
				F1C2343C1B519F9A00F79988 /* Release */,
			);
			defaultConfigurationIsVisible = 0;
			defaultConfigurationName = Release;
		};
		F1C2343D1B519F9A00F79988 /* Build configuration list for PBXNativeTarget "asOneTests" */ = {
			isa = XCConfigurationList;
			buildConfigurations = (
				F1C2343E1B519F9A00F79988 /* Debug */,
				F1C2343F1B519F9A00F79988 /* Release */,
			);
			defaultConfigurationIsVisible = 0;
			defaultConfigurationName = Release;
		};
/* End XCConfigurationList section */
	};
	rootObject = F1C2340F1B519F9900F79988 /* Project object */;
}
